
Microsoft Visual Studio Solution File, Format Version 12.00
# Visual Studio 15
VisualStudioVersion = 15.0.26730.3
MinimumVisualStudioVersion = 10.0.40219.1
Project("{FAE04EC0-301F-11D3-BF4B-00C04F79EFBC}") = "Homework3", "Homework3\Homework3.csproj", "{7D5C0D47-1111-410E-B978-C3103BBE8F56}"
EndProject
Global
	GlobalSection(SolutionConfigurationPlatforms) = preSolution
		Debug|Any CPU = Debug|Any CPU
		Release|Any CPU = Release|Any CPU
	EndGlobalSection
	GlobalSection(ProjectConfigurationPlatforms) = postSolution
		{7D5C0D47-1111-410E-B978-C3103BBE8F56}.Debug|Any CPU.ActiveCfg = Debug|Any CPU
		{7D5C0D47-1111-410E-B978-C3103BBE8F56}.Debug|Any CPU.Build.0 = Debug|Any CPU
		{7D5C0D47-1111-410E-B978-C3103BBE8F56}.Release|Any CPU.ActiveCfg = Release|Any CPU
		{7D5C0D47-1111-410E-B978-C3103BBE8F56}.Release|Any CPU.Build.0 = Release|Any CPU
	EndGlobalSection
	GlobalSection(SolutionProperties) = preSolution
		HideSolutionNode = FALSE
	EndGlobalSection
	GlobalSection(ExtensibilityGlobals) = postSolution
		SolutionGuid = {2E9DFD5C-8AC8-4816-991F-601ACA74F7BB}
	EndGlobalSection
EndGlobal
